
Microsoft Visual Studio Solution File, Format Version 12.00
# Visual Studio Version 17
VisualStudioVersion = 17.7.34031.279
MinimumVisualStudioVersion = 10.0.40219.1
Project("{FAE04EC0-301F-11D3-BF4B-00C04F79EFBC}") = "EX21_Getters and Setters", "EX21_Getters and Setters.csproj", "{7CB9CDE2-70BC-4AEA-B0E7-8120575CA81B}"
EndProject
Global
	GlobalSection(SolutionConfigurationPlatforms) = preSolution
		Debug|Any CPU = Debug|Any CPU
		Release|Any CPU = Release|Any CPU
	EndGlobalSection
	GlobalSection(ProjectConfigurationPlatforms) = postSolution
		{7CB9CDE2-70BC-4AEA-B0E7-8120575CA81B}.Debug|Any CPU.ActiveCfg = Debug|Any CPU
		{7CB9CDE2-70BC-4AEA-B0E7-8120575CA81B}.Debug|Any CPU.Build.0 = Debug|Any CPU
		{7CB9CDE2-70BC-4AEA-B0E7-8120575CA81B}.Release|Any CPU.ActiveCfg = Release|Any CPU
		{7CB9CDE2-70BC-4AEA-B0E7-8120575CA81B}.Release|Any CPU.Build.0 = Release|Any CPU
	EndGlobalSection
	GlobalSection(SolutionProperties) = preSolution
		HideSolutionNode = FALSE
	EndGlobalSection
	GlobalSection(ExtensibilityGlobals) = postSolution
		SolutionGuid = {C068DF05-D793-474B-A86D-37E9BEB8EF67}
	EndGlobalSection
EndGlobal
